
Microsoft Visual Studio Solution File, Format Version 12.00
# Visual Studio Version 16
VisualStudioVersion = 16.0.30523.141
MinimumVisualStudioVersion = 10.0.40219.1
Project("{FAE04EC0-301F-11D3-BF4B-00C04F79EFBC}") = "MyFirstApp", "MyFirstApp.csproj", "{378F4386-0D3A-4164-9E23-62C600106F6C}"
EndProject
Global
	GlobalSection(SolutionConfigurationPlatforms) = preSolution
		Debug|Any CPU = Debug|Any CPU
		Release|Any CPU = Release|Any CPU
	EndGlobalSection
	GlobalSection(ProjectConfigurationPlatforms) = postSolution
		{378F4386-0D3A-4164-9E23-62C600106F6C}.Debug|Any CPU.ActiveCfg = Debug|Any CPU
		{378F4386-0D3A-4164-9E23-62C600106F6C}.Debug|Any CPU.Build.0 = Debug|Any CPU
		{378F4386-0D3A-4164-9E23-62C600106F6C}.Release|Any CPU.ActiveCfg = Release|Any CPU
		{378F4386-0D3A-4164-9E23-62C600106F6C}.Release|Any CPU.Build.0 = Release|Any CPU
	EndGlobalSection
	GlobalSection(SolutionProperties) = preSolution
		HideSolutionNode = FALSE
	EndGlobalSection
	GlobalSection(ExtensibilityGlobals) = postSolution
		SolutionGuid = {73BAF83B-1593-42FF-9AFD-130687B495FD}
	EndGlobalSection
EndGlobal
